
Microsoft Visual Studio Solution File, Format Version 11.00
# Visual Studio 2010
Project("{FAE04EC0-301F-11D3-BF4B-00C04F79EFBC}") = "UnityEngine.TestRunner", "UnityEngine.TestRunner.csproj", "{c1721050-0183-ee31-dcf4-bb28947a1d6f}"
EndProject
Project("{FAE04EC0-301F-11D3-BF4B-00C04F79EFBC}") = "UnityEngine.UI", "UnityEngine.UI.csproj", "{4c6119dd-cde4-3a46-f0d7-f8dfd02737e3}"
EndProject
Project("{FAE04EC0-301F-11D3-BF4B-00C04F79EFBC}") = "Unity.VisualScripting.Flow", "Unity.VisualScripting.Flow.csproj", "{5ab80f06-8be1-7c79-aebe-b15dd12bcc04}"
EndProject
Project("{FAE04EC0-301F-11D3-BF4B-00C04F79EFBC}") = "Unity.VisualScripting.State", "Unity.VisualScripting.State.csproj", "{c0a334a2-187c-385e-33ae-59c5d465582d}"
EndProject
Project("{FAE04EC0-301F-11D3-BF4B-00C04F79EFBC}") = "Unity.VisualScripting.Core", "Unity.VisualScripting.Core.csproj", "{9ecd240d-a2a0-1f55-ba85-7da51e724394}"
EndProject
Project("{FAE04EC0-301F-11D3-BF4B-00C04F79EFBC}") = "Unity.TextMeshPro", "Unity.TextMeshPro.csproj", "{eac83d2b-7aeb-6180-ea34-ad7b93c088e6}"
EndProject
Project("{FAE04EC0-301F-11D3-BF4B-00C04F79EFBC}") = "Unity.Timeline", "Unity.Timeline.csproj", "{a8878e8c-2c34-e161-d1d6-1e9c489fc646}"
EndProject
Project("{FAE04EC0-301F-11D3-BF4B-00C04F79EFBC}") = "Assembly-CSharp", "Assembly-CSharp.csproj", "{7c77eecb-4ea5-c11c-79ec-7f1e6a29e3eb}"
EndProject
Project("{FAE04EC0-301F-11D3-BF4B-00C04F79EFBC}") = "Unity.PlasticSCM.Editor", "Unity.PlasticSCM.Editor.csproj", "{61dc6cb0-6a07-ab76-e39c-23a8d3e869c8}"
EndProject
Project("{FAE04EC0-301F-11D3-BF4B-00C04F79EFBC}") = "Unity.VisualScripting.Core.Editor", "Unity.VisualScripting.Core.Editor.csproj", "{15aac45c-450a-2fc8-ec79-e347eaed9d41}"
EndProject
Project("{FAE04EC0-301F-11D3-BF4B-00C04F79EFBC}") = "Unity.VisualScripting.Flow.Editor", "Unity.VisualScripting.Flow.Editor.csproj", "{dd942eaf-9c9f-9ea5-ade1-da2efae105d9}"
EndProject
Project("{FAE04EC0-301F-11D3-BF4B-00C04F79EFBC}") = "Unity.VisualStudio.Editor", "Unity.VisualStudio.Editor.csproj", "{30415dfb-8465-68bc-0bed-a8eb205be125}"
EndProject
Project("{FAE04EC0-301F-11D3-BF4B-00C04F79EFBC}") = "Unity.Timeline.Editor", "Unity.Timeline.Editor.csproj", "{615a6e6f-fbb0-9f3c-fdbd-753ca2e7539f}"
EndProject
Project("{FAE04EC0-301F-11D3-BF4B-00C04F79EFBC}") = "Unity.VisualScripting.State.Editor", "Unity.VisualScripting.State.Editor.csproj", "{c45bd13c-24fa-b0e4-5173-78449ad8695c}"
EndProject
Project("{FAE04EC0-301F-11D3-BF4B-00C04F79EFBC}") = "Unity.TextMeshPro.Editor", "Unity.TextMeshPro.Editor.csproj", "{1f81aace-ba7a-ee70-0d4d-ae552ce74486}"
EndProject
Project("{FAE04EC0-301F-11D3-BF4B-00C04F79EFBC}") = "Unity.VisualScripting.SettingsProvider.Editor", "Unity.VisualScripting.SettingsProvider.Editor.csproj", "{e2f57718-ee29-3e6f-5bed-fa99437b2eaa}"
EndProject
Project("{FAE04EC0-301F-11D3-BF4B-00C04F79EFBC}") = "UnityEditor.TestRunner", "UnityEditor.TestRunner.csproj", "{d1d34dd0-ac5a-f292-3157-e02daeb94daa}"
EndProject
Project("{FAE04EC0-301F-11D3-BF4B-00C04F79EFBC}") = "Unity.Rider.Editor", "Unity.Rider.Editor.csproj", "{069d8ad5-0862-2ad8-b21c-52a034a4388c}"
EndProject
Project("{FAE04EC0-301F-11D3-BF4B-00C04F79EFBC}") = "Unity.VSCode.Editor", "Unity.VSCode.Editor.csproj", "{7bd82e4f-bc4a-2f40-4561-8a2ce7875b32}"
EndProject
Project("{FAE04EC0-301F-11D3-BF4B-00C04F79EFBC}") = "UnityEditor.UI", "UnityEditor.UI.csproj", "{419b0bee-4bce-6faa-6741-d48dd39334d4}"
EndProject
Project("{FAE04EC0-301F-11D3-BF4B-00C04F79EFBC}") = "Unity.CollabProxy.Editor", "Unity.CollabProxy.Editor.csproj", "{2158d846-9e4c-6de7-d819-144ac5c230f6}"
EndProject
Project("{FAE04EC0-301F-11D3-BF4B-00C04F79EFBC}") = "Unity.VisualScripting.Shared.Editor", "Unity.VisualScripting.Shared.Editor.csproj", "{0a222971-dc4f-3e40-4e9c-af14ccbfbd84}"
EndProject
Global
	GlobalSection(SolutionConfigurationPlatforms) = preSolution
		Debug|Any CPU = Debug|Any CPU
	EndGlobalSection
	GlobalSection(ProjectConfigurationPlatforms) = postSolution
		{c1721050-0183-ee31-dcf4-bb28947a1d6f}.Debug|Any CPU.ActiveCfg = Debug|Any CPU
		{c1721050-0183-ee31-dcf4-bb28947a1d6f}.Debug|Any CPU.Build.0 = Debug|Any CPU
		{4c6119dd-cde4-3a46-f0d7-f8dfd02737e3}.Debug|Any CPU.ActiveCfg = Debug|Any CPU
		{4c6119dd-cde4-3a46-f0d7-f8dfd02737e3}.Debug|Any CPU.Build.0 = Debug|Any CPU
		{5ab80f06-8be1-7c79-aebe-b15dd12bcc04}.Debug|Any CPU.ActiveCfg = Debug|Any CPU
		{5ab80f06-8be1-7c79-aebe-b15dd12bcc04}.Debug|Any CPU.Build.0 = Debug|Any CPU
		{c0a334a2-187c-385e-33ae-59c5d465582d}.Debug|Any CPU.ActiveCfg = Debug|Any CPU
		{c0a334a2-187c-385e-33ae-59c5d465582d}.Debug|Any CPU.Build.0 = Debug|Any CPU
		{9ecd240d-a2a0-1f55-ba85-7da51e724394}.Debug|Any CPU.ActiveCfg = Debug|Any CPU
		{9ecd240d-a2a0-1f55-ba85-7da51e724394}.Debug|Any CPU.Build.0 = Debug|Any CPU
		{eac83d2b-7aeb-6180-ea34-ad7b93c088e6}.Debug|Any CPU.ActiveCfg = Debug|Any CPU
		{eac83d2b-7aeb-6180-ea34-ad7b93c088e6}.Debug|Any CPU.Build.0 = Debug|Any CPU
		{a8878e8c-2c34-e161-d1d6-1e9c489fc646}.Debug|Any CPU.ActiveCfg = Debug|Any CPU
		{a8878e8c-2c34-e161-d1d6-1e9c489fc646}.Debug|Any CPU.Build.0 = Debug|Any CPU
		{7c77eecb-4ea5-c11c-79ec-7f1e6a29e3eb}.Debug|Any CPU.ActiveCfg = Debug|Any CPU
		{7c77eecb-4ea5-c11c-79ec-7f1e6a29e3eb}.Debug|Any CPU.Build.0 = Debug|Any CPU
		{61dc6cb0-6a07-ab76-e39c-23a8d3e869c8}.Debug|Any CPU.ActiveCfg = Debug|Any CPU
		{61dc6cb0-6a07-ab76-e39c-23a8d3e869c8}.Debug|Any CPU.Build.0 = Debug|Any CPU
		{15aac45c-450a-2fc8-ec79-e347eaed9d41}.Debug|Any CPU.ActiveCfg = Debug|Any CPU
		{15aac45c-450a-2fc8-ec79-e347eaed9d41}.Debug|Any CPU.Build.0 = Debug|Any CPU
		{dd942eaf-9c9f-9ea5-ade1-da2efae105d9}.Debug|Any CPU.ActiveCfg = Debug|Any CPU
		{dd942eaf-9c9f-9ea5-ade1-da2efae105d9}.Debug|Any CPU.Build.0 = Debug|Any CPU
		{30415dfb-8465-68bc-0bed-a8eb205be125}.Debug|Any CPU.ActiveCfg = Debug|Any CPU
		{30415dfb-8465-68bc-0bed-a8eb205be125}.Debug|Any CPU.Build.0 = Debug|Any CPU
		{615a6e6f-fbb0-9f3c-fdbd-753ca2e7539f}.Debug|Any CPU.ActiveCfg = Debug|Any CPU
		{615a6e6f-fbb0-9f3c-fdbd-753ca2e7539f}.Debug|Any CPU.Build.0 = Debug|Any CPU
		{c45bd13c-24fa-b0e4-5173-78449ad8695c}.Debug|Any CPU.ActiveCfg = Debug|Any CPU
		{c45bd13c-24fa-b0e4-5173-78449ad8695c}.Debug|Any CPU.Build.0 = Debug|Any CPU
		{1f81aace-ba7a-ee70-0d4d-ae552ce74486}.Debug|Any CPU.ActiveCfg = Debug|Any CPU
		{1f81aace-ba7a-ee70-0d4d-ae552ce74486}.Debug|Any CPU.Build.0 = Debug|Any CPU
		{e2f57718-ee29-3e6f-5bed-fa99437b2eaa}.Debug|Any CPU.ActiveCfg = Debug|Any CPU
		{e2f57718-ee29-3e6f-5bed-fa99437b2eaa}.Debug|Any CPU.Build.0 = Debug|Any CPU
		{d1d34dd0-ac5a-f292-3157-e02daeb94daa}.Debug|Any CPU.ActiveCfg = Debug|Any CPU
		{d1d34dd0-ac5a-f292-3157-e02daeb94daa}.Debug|Any CPU.Build.0 = Debug|Any CPU
		{069d8ad5-0862-2ad8-b21c-52a034a4388c}.Debug|Any CPU.ActiveCfg = Debug|Any CPU
		{069d8ad5-0862-2ad8-b21c-52a034a4388c}.Debug|Any CPU.Build.0 = Debug|Any CPU
		{7bd82e4f-bc4a-2f40-4561-8a2ce7875b32}.Debug|Any CPU.ActiveCfg = Debug|Any CPU
		{7bd82e4f-bc4a-2f40-4561-8a2ce7875b32}.Debug|Any CPU.Build.0 = Debug|Any CPU
		{419b0bee-4bce-6faa-6741-d48dd39334d4}.Debug|Any CPU.ActiveCfg = Debug|Any CPU
		{419b0bee-4bce-6faa-6741-d48dd39334d4}.Debug|Any CPU.Build.0 = Debug|Any CPU
		{2158d846-9e4c-6de7-d819-144ac5c230f6}.Debug|Any CPU.ActiveCfg = Debug|Any CPU
		{2158d846-9e4c-6de7-d819-144ac5c230f6}.Debug|Any CPU.Build.0 = Debug|Any CPU
		{0a222971-dc4f-3e40-4e9c-af14ccbfbd84}.Debug|Any CPU.ActiveCfg = Debug|Any CPU
		{0a222971-dc4f-3e40-4e9c-af14ccbfbd84}.Debug|Any CPU.Build.0 = Debug|Any CPU
	EndGlobalSection
	GlobalSection(SolutionProperties) = preSolution
		HideSolutionNode = FALSE
	EndGlobalSection
EndGlobal
